# THIS IS AN AUTOGENERATED FILE. DO NOT EDIT THIS FILE DIRECTLY.
# yarn lockfile v1


mobx-state-tree@^3.10.2:
  version "3.10.2"
  resolved "https://registry.npmjs.org/mobx-state-tree/-/mobx-state-tree-3.10.2.tgz#1cbb99a65e7e0a8f91e2c2be44d23de9b1c71afc"
  integrity sha512-DCt05qayAaLEMldsNYicJiLUg5rFyEzivlD4oiy8HjTQ+M3aqRbgvz9kn0g1uR/5IT27jPMkAZO8MSICDGitDw==

mobx@^5.9.0:
  version "5.9.0"
  resolved "https://registry.npmjs.org/mobx/-/mobx-5.9.0.tgz#a08edd7132787f771409c9c33788a5df66ff7ce7"
  integrity sha512-D3mY1uM3H9BP5duk5tTanrOq92yqetYKsprPJWvkKDrbs+fro59xrpWX+vtr10YoLgJIFz+a4A8lI+4YtqmCUQ==
